
Microsoft Visual Studio Solution File, Format Version 12.00
# Visual Studio 15
VisualStudioVersion = 15.0.27130.2026
MinimumVisualStudioVersion = 10.0.40219.1
Project("{9A19103F-16F7-4668-BE54-9A1E7A4F7556}") = "Serilog.Sinks.Fluentd.Logstash", "Serilog.Sinks.Fluentd.Logstash.csproj", "{869D09D9-5FA2-4059-82C3-4FDABE48798B}"
EndProject
Global
	GlobalSection(SolutionConfigurationPlatforms) = preSolution
		Debug|Any CPU = Debug|Any CPU
		Release|Any CPU = Release|Any CPU
	EndGlobalSection
	GlobalSection(ProjectConfigurationPlatforms) = postSolution
		{869D09D9-5FA2-4059-82C3-4FDABE48798B}.Debug|Any CPU.ActiveCfg = Debug|Any CPU
		{869D09D9-5FA2-4059-82C3-4FDABE48798B}.Debug|Any CPU.Build.0 = Debug|Any CPU
		{869D09D9-5FA2-4059-82C3-4FDABE48798B}.Release|Any CPU.ActiveCfg = Release|Any CPU
		{869D09D9-5FA2-4059-82C3-4FDABE48798B}.Release|Any CPU.Build.0 = Release|Any CPU
	EndGlobalSection
	GlobalSection(SolutionProperties) = preSolution
		HideSolutionNode = FALSE
	EndGlobalSection
	GlobalSection(ExtensibilityGlobals) = postSolution
		SolutionGuid = {71B1E4FD-18FD-418B-8E35-41CE36BDF74E}
	EndGlobalSection
EndGlobal
